Microsoft Visual Studio Solution File, Format Version 12.00
# Visual Studio Version 18
VisualStudioVersion = 18.4.11605.240
MinimumVisualStudioVersion = 10.0.40219.1
Project("{FAE04EC0-301F-11D3-BF4B-00C04F79EFBC}") = "MailDevMcp.UnitTests", "MailDevMcp.UnitTests\MailDevMcp.UnitTests.csproj", "{3A55C411-B3E3-4E02-8F0C-CF80A3F1D044}"
EndProject
Project("{FAE04EC0-301F-11D3-BF4B-00C04F79EFBC}") = "MailDevMcp", "MailDevMcp\MailDevMcp.csproj", "{FB131CBD-B323-9F98-7755-C8661F35C723}"
EndProject
Global
	GlobalSection(SolutionConfigurationPlatforms) = preSolution
		Debug|Any CPU = Debug|Any CPU
		Release|Any CPU = Release|Any CPU
	EndGlobalSection
	GlobalSection(ProjectConfigurationPlatforms) = postSolution
		{3A55C411-B3E3-4E02-8F0C-CF80A3F1D044}.Debug|Any CPU.ActiveCfg = Debug|Any CPU
		{3A55C411-B3E3-4E02-8F0C-CF80A3F1D044}.Debug|Any CPU.Build.0 = Debug|Any CPU
		{3A55C411-B3E3-4E02-8F0C-CF80A3F1D044}.Release|Any CPU.ActiveCfg = Release|Any CPU
		{3A55C411-B3E3-4E02-8F0C-CF80A3F1D044}.Release|Any CPU.Build.0 = Release|Any CPU
		{FB131CBD-B323-9F98-7755-C8661F35C723}.Debug|Any CPU.ActiveCfg = Debug|Any CPU
		{FB131CBD-B323-9F98-7755-C8661F35C723}.Debug|Any CPU.Build.0 = Debug|Any CPU
		{FB131CBD-B323-9F98-7755-C8661F35C723}.Release|Any CPU.ActiveCfg = Release|Any CPU
		{FB131CBD-B323-9F98-7755-C8661F35C723}.Release|Any CPU.Build.0 = Release|Any CPU
	EndGlobalSection
	GlobalSection(SolutionProperties) = preSolution
		HideSolutionNode = FALSE
	EndGlobalSection
	GlobalSection(ExtensibilityGlobals) = postSolution
		SolutionGuid = {3F7EF336-4217-4BDF-80AF-ED11A08AB1BA}
	EndGlobalSection
EndGlobal
